
Microsoft Visual Studio Solution File, Format Version 11.00
# Visual Studio 2010
Project("{FAE04EC0-301F-11D3-BF4B-00C04F79EFBC}") = "AOPSample", "AOPSample\AOPSample.csproj", "{0BFA9F72-C4FA-4E2C-B8D1-B691FAAD0852}"
EndProject
Project("{FAE04EC0-301F-11D3-BF4B-00C04F79EFBC}") = "Monitoring", "Monitoring\Monitoring.csproj", "{1991FFFA-9A01-42CC-A9AE-B27DF81EC7C1}"
EndProject
Project("{FAE04EC0-301F-11D3-BF4B-00C04F79EFBC}") = "Operations", "Operations\Operations.csproj", "{2E17310A-7D3A-434A-80EC-D1824EB92D01}"
EndProject
Global
	GlobalSection(SolutionConfigurationPlatforms) = preSolution
		Debug|Any CPU = Debug|Any CPU
		Release|Any CPU = Release|Any CPU
	EndGlobalSection
	GlobalSection(ProjectConfigurationPlatforms) = postSolution
		{0BFA9F72-C4FA-4E2C-B8D1-B691FAAD0852}.Debug|Any CPU.ActiveCfg = Debug|Any CPU
		{0BFA9F72-C4FA-4E2C-B8D1-B691FAAD0852}.Debug|Any CPU.Build.0 = Debug|Any CPU
		{0BFA9F72-C4FA-4E2C-B8D1-B691FAAD0852}.Release|Any CPU.ActiveCfg = Release|Any CPU
		{0BFA9F72-C4FA-4E2C-B8D1-B691FAAD0852}.Release|Any CPU.Build.0 = Release|Any CPU
		{1991FFFA-9A01-42CC-A9AE-B27DF81EC7C1}.Debug|Any CPU.ActiveCfg = Debug|Any CPU
		{1991FFFA-9A01-42CC-A9AE-B27DF81EC7C1}.Debug|Any CPU.Build.0 = Debug|Any CPU
		{1991FFFA-9A01-42CC-A9AE-B27DF81EC7C1}.Release|Any CPU.ActiveCfg = Release|Any CPU
		{1991FFFA-9A01-42CC-A9AE-B27DF81EC7C1}.Release|Any CPU.Build.0 = Release|Any CPU
		{2E17310A-7D3A-434A-80EC-D1824EB92D01}.Debug|Any CPU.ActiveCfg = Debug|Any CPU
		{2E17310A-7D3A-434A-80EC-D1824EB92D01}.Debug|Any CPU.Build.0 = Debug|Any CPU
		{2E17310A-7D3A-434A-80EC-D1824EB92D01}.Release|Any CPU.ActiveCfg = Release|Any CPU
		{2E17310A-7D3A-434A-80EC-D1824EB92D01}.Release|Any CPU.Build.0 = Release|Any CPU
	EndGlobalSection
	GlobalSection(SolutionProperties) = preSolution
		HideSolutionNode = FALSE
	EndGlobalSection
EndGlobal
